
Microsoft Visual Studio Solution File, Format Version 12.00
# Visual Studio Version 17
VisualStudioVersion = 17.11.35327.3
MinimumVisualStudioVersion = 10.0.40219.1
Project("{FAE04EC0-301F-11D3-BF4B-00C04F79EFBC}") = "soketprotocal", "soketprotocal.csproj", "{EEBBEADC-136A-483B-8922-B338A181343A}"
EndProject
Global
	GlobalSection(SolutionConfigurationPlatforms) = preSolution
		Debug|Any CPU = Debug|Any CPU
		Release|Any CPU = Release|Any CPU
	EndGlobalSection
	GlobalSection(ProjectConfigurationPlatforms) = postSolution
		{EEBBEADC-136A-483B-8922-B338A181343A}.Debug|Any CPU.ActiveCfg = Debug|Any CPU
		{EEBBEADC-136A-483B-8922-B338A181343A}.Debug|Any CPU.Build.0 = Debug|Any CPU
		{EEBBEADC-136A-483B-8922-B338A181343A}.Release|Any CPU.ActiveCfg = Release|Any CPU
		{EEBBEADC-136A-483B-8922-B338A181343A}.Release|Any CPU.Build.0 = Release|Any CPU
	EndGlobalSection
	GlobalSection(SolutionProperties) = preSolution
		HideSolutionNode = FALSE
	EndGlobalSection
	GlobalSection(ExtensibilityGlobals) = postSolution
		SolutionGuid = {8C3F5836-EA55-4EC4-9129-3848E03C103E}
	EndGlobalSection
EndGlobal
